
Microsoft Visual Studio Solution File, Format Version 12.00
# Visual Studio Version 18
VisualStudioVersion = 18.6.11723.189 insiders
MinimumVisualStudioVersion = 10.0.40219.1
Project("{2150E333-8FDC-42A3-9474-1A3956D46DE8}") = "Solution Items", "Solution Items", "{9F6AE6B8-6472-47CE-AB8D-19A131493D89}"
	ProjectSection(SolutionItems) = preProject
		.editorconfig = .editorconfig
	EndProjectSection
EndProject
Project("{FAE04EC0-301F-11D3-BF4B-00C04F79EFBC}") = "Pure.RelationalSchema.RichRelationalModel.Abstractions", "Pure.RelationalSchema.RichRelationalModel.Abstractions\Pure.RelationalSchema.RichRelationalModel.Abstractions.csproj", "{CE16FEA7-54E2-4F0A-9CA8-8EBD3287677C}"
EndProject
Global
	GlobalSection(SolutionConfigurationPlatforms) = preSolution
		Debug|Any CPU = Debug|Any CPU
		Release|Any CPU = Release|Any CPU
	EndGlobalSection
	GlobalSection(ProjectConfigurationPlatforms) = postSolution
		{CE16FEA7-54E2-4F0A-9CA8-8EBD3287677C}.Debug|Any CPU.ActiveCfg = Debug|Any CPU
		{CE16FEA7-54E2-4F0A-9CA8-8EBD3287677C}.Debug|Any CPU.Build.0 = Debug|Any CPU
		{CE16FEA7-54E2-4F0A-9CA8-8EBD3287677C}.Release|Any CPU.ActiveCfg = Release|Any CPU
		{CE16FEA7-54E2-4F0A-9CA8-8EBD3287677C}.Release|Any CPU.Build.0 = Release|Any CPU
	EndGlobalSection
	GlobalSection(SolutionProperties) = preSolution
		HideSolutionNode = FALSE
	EndGlobalSection
EndGlobal
